
Microsoft Visual Studio Solution File, Format Version 10.00
# Visual Studio 2008
Project("{8BC9CEB8-8B4A-11D0-8D11-00A0C91BC942}") = "xebra-rr", "xebra-rr.vcproj", "{E355159C-7CCC-4A3C-B001-6CE1D6E413D1}"
EndProject
Global
	GlobalSection(SolutionConfigurationPlatforms) = preSolution
		Debug|Win32 = Debug|Win32
		Release|Win32 = Release|Win32
	EndGlobalSection
	GlobalSection(ProjectConfigurationPlatforms) = postSolution
		{E355159C-7CCC-4A3C-B001-6CE1D6E413D1}.Debug|Win32.ActiveCfg = Debug|Win32
		{E355159C-7CCC-4A3C-B001-6CE1D6E413D1}.Debug|Win32.Build.0 = Debug|Win32
		{E355159C-7CCC-4A3C-B001-6CE1D6E413D1}.Release|Win32.ActiveCfg = Release|Win32
		{E355159C-7CCC-4A3C-B001-6CE1D6E413D1}.Release|Win32.Build.0 = Release|Win32
	EndGlobalSection
	GlobalSection(SolutionProperties) = preSolution
		HideSolutionNode = FALSE
	EndGlobalSection
EndGlobal
