
Microsoft Visual Studio Solution File, Format Version 9.00
# Visual Studio 2005
Project("{8BC9CEB8-8B4A-11D0-8D11-00A0C91BC942}") = "smv2mac", "smv2mac.vcproj", "{11E267A1-AD07-4D25-903F-2070BFB6A0AB}"
EndProject
Global
	GlobalSection(SolutionConfigurationPlatforms) = preSolution
		Debug|Win32 = Debug|Win32
		Release|Win32 = Release|Win32
	EndGlobalSection
	GlobalSection(ProjectConfigurationPlatforms) = postSolution
		{11E267A1-AD07-4D25-903F-2070BFB6A0AB}.Debug|Win32.ActiveCfg = Debug|Win32
		{11E267A1-AD07-4D25-903F-2070BFB6A0AB}.Debug|Win32.Build.0 = Debug|Win32
		{11E267A1-AD07-4D25-903F-2070BFB6A0AB}.Release|Win32.ActiveCfg = Release|Win32
		{11E267A1-AD07-4D25-903F-2070BFB6A0AB}.Release|Win32.Build.0 = Release|Win32
	EndGlobalSection
	GlobalSection(SolutionProperties) = preSolution
		HideSolutionNode = FALSE
	EndGlobalSection
EndGlobal
